// !$*UTF8*$!
{
	archiveVersion = 1;
	classes = {
	};
	objectVersion = 56;
	objects = {

/* Begin PBXBuildFile section */
		BC9488F62B0EC24B00B79582 /* MapView.swift in Sources */ = {isa = PBXBuildFile; fileRef = BC9488F52B0EC24B00B79582 /* MapView.swift */; };
		BC9488FA2B0EC4B100B79582 /* ContentView.swift in Sources */ = {isa = PBXBuildFile; fileRef = BC9488F92B0EC4B100B79582 /* ContentView.swift */; };
		BCA503072B0ABFE40071FA51 /* MetUCDApp.swift in Sources */ = {isa = PBXBuildFile; fileRef = BCA503062B0ABFE40071FA51 /* MetUCDApp.swift */; };
		BCA503092B0ABFE40071FA51 /* WeatherView.swift in Sources */ = {isa = PBXBuildFile; fileRef = BCA503082B0ABFE40071FA51 /* WeatherView.swift */; };
		BCA5030B2B0ABFE50071FA51 /* Assets.xcassets in Resources */ = {isa = PBXBuildFile; fileRef = BCA5030A2B0ABFE50071FA51 /* Assets.xcassets */; };
		BCA5030E2B0ABFE50071FA51 /* Preview Assets.xcassets in Resources */ = {isa = PBXBuildFile; fileRef = BCA5030D2B0ABFE50071FA51 /* Preview Assets.xcassets */; };
		BCA503272B0BCA390071FA51 /* WeatherDataModel.swift in Sources */ = {isa = PBXBuildFile; fileRef = BCA503262B0BCA390071FA51 /* WeatherDataModel.swift */; };
		BCA503292B0BCA610071FA51 /* WeatherViewModel.swift in Sources */ = {isa = PBXBuildFile; fileRef = BCA503282B0BCA610071FA51 /* WeatherViewModel.swift */; };
		BCA5032B2B0C34380071FA51 /* WeatherUtils.swift in Sources */ = {isa = PBXBuildFile; fileRef = BCA5032A2B0C34380071FA51 /* WeatherUtils.swift */; };
/* End PBXBuildFile section */

/* Begin PBXFileReference section */
		BC9488F52B0EC24B00B79582 /* MapView.swift */ = {isa = PBXFileReference; lastKnownFileType = sourcecode.swift; path = MapView.swift; sourceTree = "<group>"; };
		BC9488F92B0EC4B100B79582 /* ContentView.swift */ = {isa = PBXFileReference; lastKnownFileType = sourcecode.swift; path = ContentView.swift; sourceTree = "<group>"; };
		BCA503032B0ABFE40071FA51 /* MetUCD.app */ = {isa = PBXFileReference; explicitFileType = wrapper.application; includeInIndex = 0; path = MetUCD.app; sourceTree = BUILT_PRODUCTS_DIR; };
		BCA503062B0ABFE40071FA51 /* MetUCDApp.swift */ = {isa = PBXFileReference; lastKnownFileType = sourcecode.swift; path = MetUCDApp.swift; sourceTree = "<group>"; };
		BCA503082B0ABFE40071FA51 /* WeatherView.swift */ = {isa = PBXFileReference; lastKnownFileType = sourcecode.swift; path = WeatherView.swift; sourceTree = "<group>"; };
		BCA5030A2B0ABFE50071FA51 /* Assets.xcassets */ = {isa = PBXFileReference; lastKnownFileType = folder.assetcatalog; path = Assets.xcassets; sourceTree = "<group>"; };
		BCA5030D2B0ABFE50071FA51 /* Preview Assets.xcassets */ = {isa = PBXFileReference; lastKnownFileType = folder.assetcatalog; path = "Preview Assets.xcassets"; sourceTree = "<group>"; };
		BCA503262B0BCA390071FA51 /* WeatherDataModel.swift */ = {isa = PBXFileReference; lastKnownFileType = sourcecode.swift; path = WeatherDataModel.swift; sourceTree = "<group>"; };
		BCA503282B0BCA610071FA51 /* WeatherViewModel.swift */ = {isa = PBXFileReference; lastKnownFileType = sourcecode.swift; path = WeatherViewModel.swift; sourceTree = "<group>"; };
		BCA5032A2B0C34380071FA51 /* WeatherUtils.swift */ = {isa = PBXFileReference; lastKnownFileType = sourcecode.swift; path = WeatherUtils.swift; sourceTree = "<group>"; };
/* End PBXFileReference section */

/* Begin PBXFrameworksBuildPhase section */
		BCA503002B0ABFE40071FA51 /* Frameworks */ = {
			isa = PBXFrameworksBuildPhase;
			buildActionMask = 2147483647;
			files = (
			);
			runOnlyForDeploymentPostprocessing = 0;
		};
/* End PBXFrameworksBuildPhase section */

/* Begin PBXGroup section */
		BCA502FA2B0ABFE40071FA51 = {
			isa = PBXGroup;
			children = (
				BCA503052B0ABFE40071FA51 /* MetUCD */,
				BCA503042B0ABFE40071FA51 /* Products */,
			);
			sourceTree = "<group>";
		};
		BCA503042B0ABFE40071FA51 /* Products */ = {
			isa = PBXGroup;
			children = (
				BCA503032B0ABFE40071FA51 /* MetUCD.app */,
			);
			name = Products;
			sourceTree = "<group>";
		};
		BCA503052B0ABFE40071FA51 /* MetUCD */ = {
			isa = PBXGroup;
			children = (
				BCA503062B0ABFE40071FA51 /* MetUCDApp.swift */,
				BCA503262B0BCA390071FA51 /* WeatherDataModel.swift */,
				BCA503082B0ABFE40071FA51 /* WeatherView.swift */,
				BCA503282B0BCA610071FA51 /* WeatherViewModel.swift */,
				BCA5030A2B0ABFE50071FA51 /* Assets.xcassets */,
				BCA5030C2B0ABFE50071FA51 /* Preview Content */,
				BCA5032A2B0C34380071FA51 /* WeatherUtils.swift */,
				BC9488F52B0EC24B00B79582 /* MapView.swift */,
				BC9488F92B0EC4B100B79582 /* ContentView.swift */,
			);
			path = MetUCD;
			sourceTree = "<group>";
		};
		BCA5030C2B0ABFE50071FA51 /* Preview Content */ = {
			isa = PBXGroup;
			children = (
				BCA5030D2B0ABFE50071FA51 /* Preview Assets.xcassets */,
			);
			path = "Preview Content";
			sourceTree = "<group>";
		};
/* End PBXGroup section */

/* Begin PBXNativeTarget section */
		BCA503022B0ABFE40071FA51 /* MetUCD */ = {
			isa = PBXNativeTarget;
			buildConfigurationList = BCA503112B0ABFE50071FA51 /* Build configuration list for PBXNativeTarget "MetUCD" */;
			buildPhases = (
				BCA502FF2B0ABFE40071FA51 /* Sources */,
				BCA503002B0ABFE40071FA51 /* Frameworks */,
				BCA503012B0ABFE40071FA51 /* Resources */,
			);
			buildRules = (
			);
			dependencies = (
			);
			name = MetUCD;
			productName = MetUCD;
			productReference = BCA503032B0ABFE40071FA51 /* MetUCD.app */;
			productType = "com.apple.product-type.application";
		};
/* End PBXNativeTarget section */

/* Begin PBXProject section */
		BCA502FB2B0ABFE40071FA51 /* Project object */ = {
			isa = PBXProject;
			attributes = {
				BuildIndependentTargetsInParallel = 1;
				LastSwiftUpdateCheck = 1500;
				LastUpgradeCheck = 1500;
				TargetAttributes = {
					BCA503022B0ABFE40071FA51 = {
						CreatedOnToolsVersion = 15.0.1;
					};
				};
			};
			buildConfigurationList = BCA502FE2B0ABFE40071FA51 /* Build configuration list for PBXProject "MetUCD" */;
			compatibilityVersion = "Xcode 14.0";
			developmentRegion = en;
			hasScannedForEncodings = 0;
			knownRegions = (
				en,
				Base,
			);
			mainGroup = BCA502FA2B0ABFE40071FA51;
			productRefGroup = BCA503042B0ABFE40071FA51 /* Products */;
			projectDirPath = "";
			projectRoot = "";
			targets = (
				BCA503022B0ABFE40071FA51 /* MetUCD */,
			);
		};
/* End PBXProject section */

/* Begin PBXResourcesBuildPhase section */
		BCA503012B0ABFE40071FA51 /* Resources */ = {
			isa = PBXResourcesBuildPhase;
			buildActionMask = 2147483647;
			files = (
				BCA5030E2B0ABFE50071FA51 /* Preview Assets.xcassets in Resources */,
				BCA5030B2B0ABFE50071FA51 /* Assets.xcassets in Resources */,
			);
			runOnlyForDeploymentPostprocessing = 0;
		};
/* End PBXResourcesBuildPhase section */

/* Begin PBXSourcesBuildPhase section */
		BCA502FF2B0ABFE40071FA51 /* Sources */ = {
			isa = PBXSourcesBuildPhase;
			buildActionMask = 2147483647;
			files = (
				BCA503272B0BCA390071FA51 /* WeatherDataModel.swift in Sources */,
				BC9488F62B0EC24B00B79582 /* MapView.swift in Sources */,
				BC9488FA2B0EC4B100B79582 /* ContentView.swift in Sources */,
				BCA503292B0BCA610071FA51 /* WeatherViewModel.swift in Sources */,
				BCA503092B0ABFE40071FA51 /* WeatherView.swift in Sources */,
				BCA5032B2B0C34380071FA51 /* WeatherUtils.swift in Sources */,
				BCA503072B0ABFE40071FA51 /* MetUCDApp.swift in Sources */,
			);
			runOnlyForDeploymentPostprocessing = 0;
		};
/* End PBXSourcesBuildPhase section */

/* Begin XCBuildConfiguration section */
		BCA5030F2B0ABFE50071FA51 /* Debug */ = {
			isa = XCBuildConfiguration;
			buildSettings = {
				ALWAYS_SEARCH_USER_PATHS = NO;
				ASSETCATALOG_COMPILER_GENERATE_SWIFT_ASSET_SYMBOL_EXTENSIONS = YES;
				CLANG_ANALYZER_NONNULL = YES;
				CLANG_ANALYZER_NUMBER_OBJECT_CONVERSION = YES_AGGRESSIVE;
				CLANG_CXX_LANGUAGE_STANDARD = "gnu++20";
				CLANG_ENABLE_MODULES = YES;
				CLANG_ENABLE_OBJC_ARC = YES;
				CLANG_ENABLE_OBJC_WEAK = YES;
				CLANG_WARN_BLOCK_CAPTURE_AUTORELEASING = YES;
				CLANG_WARN_BOOL_CONVERSION = YES;
				CLANG_WARN_COMMA = YES;
				CLANG_WARN_CONSTANT_CONVERSION = YES;
				CLANG_WARN_DEPRECATED_OBJC_IMPLEMENTATIONS = YES;
				CLANG_WARN_DIRECT_OBJC_ISA_USAGE = YES_ERROR;
				CLANG_WARN_DOCUMENTATION_COMMENTS = YES;
				CLANG_WARN_EMPTY_BODY = YES;
				CLANG_WARN_ENUM_CONVERSION = YES;
				CLANG_WARN_INFINITE_RECURSION = YES;
				CLANG_WARN_INT_CONVERSION = YES;
				CLANG_WARN_NON_LITERAL_NULL_CONVERSION = YES;
				CLANG_WARN_OBJC_IMPLICIT_RETAIN_SELF = YES;
				CLANG_WARN_OBJC_LITERAL_CONVERSION = YES;
				CLANG_WARN_OBJC_ROOT_CLASS = YES_ERROR;
				CLANG_WARN_QUOTED_INCLUDE_IN_FRAMEWORK_HEADER = YES;
				CLANG_WARN_RANGE_LOOP_ANALYSIS = YES;
				CLANG_WARN_STRICT_PROTOTYPES = YES;
				CLANG_WARN_SUSPICIOUS_MOVE = YES;
				CLANG_WARN_UNGUARDED_AVAILABILITY = YES_AGGRESSIVE;
				CLANG_WARN_UNREACHABLE_CODE = YES;
				CLANG_WARN__DUPLICATE_METHOD_MATCH = YES;
				COPY_PHASE_STRIP = NO;
				DEBUG_INFORMATION_FORMAT = dwarf;
				ENABLE_STRICT_OBJC_MSGSEND = YES;
				ENABLE_TESTABILITY = YES;
				ENABLE_USER_SCRIPT_SANDBOXING = YES;
				GCC_C_LANGUAGE_STANDARD = gnu17;
				GCC_DYNAMIC_NO_PIC = NO;
				GCC_NO_COMMON_BLOCKS = YES;
				GCC_OPTIMIZATION_LEVEL = 0;
				GCC_PREPROCESSOR_DEFINITIONS = (
					"DEBUG=1",
					"$(inherited)",
				);
				GCC_WARN_64_TO_32_BIT_CONVERSION = YES;
				GCC_WARN_ABOUT_RETURN_TYPE = YES_ERROR;
				GCC_WARN_UNDECLARED_SELECTOR = YES;
				GCC_WARN_UNINITIALIZED_AUTOS = YES_AGGRESSIVE;
				GCC_WARN_UNUSED_FUNCTION = YES;
				GCC_WARN_UNUSED_VARIABLE = YES;
				IPHONEOS_DEPLOYMENT_TARGET = 17.0;
				LOCALIZATION_PREFERS_STRING_CATALOGS = YES;
				MTL_ENABLE_DEBUG_INFO = INCLUDE_SOURCE;
				MTL_FAST_MATH = YES;
				ONLY_ACTIVE_ARCH = YES;
				SDKROOT = iphoneos;
				SWIFT_ACTIVE_COMPILATION_CONDITIONS = "DEBUG $(inherited)";
				SWIFT_OPTIMIZATION_LEVEL = "-Onone";
			};
			name = Debug;
		};
		BCA503102B0ABFE50071FA51 /* Release */ = {
			isa = XCBuildConfiguration;
			buildSettings = {
				ALWAYS_SEARCH_USER_PATHS = NO;
				ASSETCATALOG_COMPILER_GENERATE_SWIFT_ASSET_SYMBOL_EXTENSIONS = YES;
				CLANG_ANALYZER_NONNULL = YES;
				CLANG_ANALYZER_NUMBER_OBJECT_CONVERSION = YES_AGGRESSIVE;
				CLANG_CXX_LANGUAGE_STANDARD = "gnu++20";
				CLANG_ENABLE_MODULES = YES;
				CLANG_ENABLE_OBJC_ARC = YES;
				CLANG_ENABLE_OBJC_WEAK = YES;
				CLANG_WARN_BLOCK_CAPTURE_AUTORELEASING = YES;
				CLANG_WARN_BOOL_CONVERSION = YES;
				CLANG_WARN_COMMA = YES;
				CLANG_WARN_CONSTANT_CONVERSION = YES;
				CLANG_WARN_DEPRECATED_OBJC_IMPLEMENTATIONS = YES;
				CLANG_WARN_DIRECT_OBJC_ISA_USAGE = YES_ERROR;
				CLANG_WARN_DOCUMENTATION_COMMENTS = YES;
				CLANG_WARN_EMPTY_BODY = YES;
				CLANG_WARN_ENUM_CONVERSION = YES;
				CLANG_WARN_INFINITE_RECURSION = YES;
				CLANG_WARN_INT_CONVERSION = YES;
				CLANG_WARN_NON_LITERAL_NULL_CONVERSION = YES;
				CLANG_WARN_OBJC_IMPLICIT_RETAIN_SELF = YES;
				CLANG_WARN_OBJC_LITERAL_CONVERSION = YES;
				CLANG_WARN_OBJC_ROOT_CLASS = YES_ERROR;
				CLANG_WARN_QUOTED_INCLUDE_IN_FRAMEWORK_HEADER = YES;
				CLANG_WARN_RANGE_LOOP_ANALYSIS = YES;
				CLANG_WARN_STRICT_PROTOTYPES = YES;
				CLANG_WARN_SUSPICIOUS_MOVE = YES;
				CLANG_WARN_UNGUARDED_AVAILABILITY = YES_AGGRESSIVE;
				CLANG_WARN_UNREACHABLE_CODE = YES;
				CLANG_WARN__DUPLICATE_METHOD_MATCH = YES;
				COPY_PHASE_STRIP = NO;
				DEBUG_INFORMATION_FORMAT = "dwarf-with-dsym";
				ENABLE_NS_ASSERTIONS = NO;
				ENABLE_STRICT_OBJC_MSGSEND = YES;
				ENABLE_USER_SCRIPT_SANDBOXING = YES;
				GCC_C_LANGUAGE_STANDARD = gnu17;
				GCC_NO_COMMON_BLOCKS = YES;
				GCC_WARN_64_TO_32_BIT_CONVERSION = YES;
				GCC_WARN_ABOUT_RETURN_TYPE = YES_ERROR;
				GCC_WARN_UNDECLARED_SELECTOR = YES;
				GCC_WARN_UNINITIALIZED_AUTOS = YES_AGGRESSIVE;
				GCC_WARN_UNUSED_FUNCTION = YES;
				GCC_WARN_UNUSED_VARIABLE = YES;
				IPHONEOS_DEPLOYMENT_TARGET = 17.0;
				LOCALIZATION_PREFERS_STRING_CATALOGS = YES;
				MTL_ENABLE_DEBUG_INFO = NO;
				MTL_FAST_MATH = YES;
				SDKROOT = iphoneos;
				SWIFT_COMPILATION_MODE = wholemodule;
				VALIDATE_PRODUCT = YES;
			};
			name = Release;
		};
		BCA503122B0ABFE50071FA51 /* Debug */ = {
			isa = XCBuildConfiguration;
			buildSettings = {
				ASSETCATALOG_COMPILER_APPICON_NAME = AppIcon;
				ASSETCATALOG_COMPILER_GLOBAL_ACCENT_COLOR_NAME = AccentColor;
				CODE_SIGN_STYLE = Automatic;
				CURRENT_PROJECT_VERSION = 1;
				DEVELOPMENT_ASSET_PATHS = "\"MetUCD/Preview Content\"";
				DEVELOPMENT_TEAM = F3XTZVAUTL;
				ENABLE_PREVIEWS = YES;
				GENERATE_INFOPLIST_FILE = YES;
				INFOPLIST_KEY_NSLocationWhenInUseUsageDescription = "We will use your location in the APP";
				INFOPLIST_KEY_UIApplicationSceneManifest_Generation = YES;
				INFOPLIST_KEY_UIApplicationSupportsIndirectInputEvents = YES;
				INFOPLIST_KEY_UILaunchScreen_Generation = YES;
				INFOPLIST_KEY_UISupportedInterfaceOrientations_iPad = "UIInterfaceOrientationPortrait UIInterfaceOrientationPortraitUpsideDown UIInterfaceOrientationLandscapeLeft UIInterfaceOrientationLandscapeRight";
				INFOPLIST_KEY_UISupportedInterfaceOrientations_iPhone = "UIInterfaceOrientationPortrait UIInterfaceOrientationLandscapeLeft UIInterfaceOrientationLandscapeRight";
				LD_RUNPATH_SEARCH_PATHS = (
					"$(inherited)",
					"@executable_path/Frameworks",
				);
				MARKETING_VERSION = 1.0;
				PRODUCT_BUNDLE_IDENTIFIER = ie.ucd.cs.comp47390.19326053.MetUCD;
				PRODUCT_NAME = "$(TARGET_NAME)";
				SWIFT_EMIT_LOC_STRINGS = YES;
				SWIFT_VERSION = 5.0;
				TARGETED_DEVICE_FAMILY = "1,2";
			};
			name = Debug;
		};
		BCA503132B0ABFE50071FA51 /* Release */ = {
			isa = XCBuildConfiguration;
			buildSettings = {
				ASSETCATALOG_COMPILER_APPICON_NAME = AppIcon;
				ASSETCATALOG_COMPILER_GLOBAL_ACCENT_COLOR_NAME = AccentColor;
				CODE_SIGN_STYLE = Automatic;
				CURRENT_PROJECT_VERSION = 1;
				DEVELOPMENT_ASSET_PATHS = "\"MetUCD/Preview Content\"";
				DEVELOPMENT_TEAM = F3XTZVAUTL;
				ENABLE_PREVIEWS = YES;
				GENERATE_INFOPLIST_FILE = YES;
				INFOPLIST_KEY_NSLocationWhenInUseUsageDescription = "We will use your location in the APP";
				INFOPLIST_KEY_UIApplicationSceneManifest_Generation = YES;
				INFOPLIST_KEY_UIApplicationSupportsIndirectInputEvents = YES;
				INFOPLIST_KEY_UILaunchScreen_Generation = YES;
				INFOPLIST_KEY_UISupportedInterfaceOrientations_iPad = "UIInterfaceOrientationPortrait UIInterfaceOrientationPortraitUpsideDown UIInterfaceOrientationLandscapeLeft UIInterfaceOrientationLandscapeRight";
				INFOPLIST_KEY_UISupportedInterfaceOrientations_iPhone = "UIInterfaceOrientationPortrait UIInterfaceOrientationLandscapeLeft UIInterfaceOrientationLandscapeRight";
				LD_RUNPATH_SEARCH_PATHS = (
					"$(inherited)",
					"@executable_path/Frameworks",
				);
				MARKETING_VERSION = 1.0;
				PRODUCT_BUNDLE_IDENTIFIER = ie.ucd.cs.comp47390.19326053.MetUCD;
				PRODUCT_NAME = "$(TARGET_NAME)";
				SWIFT_EMIT_LOC_STRINGS = YES;
				SWIFT_VERSION = 5.0;
				TARGETED_DEVICE_FAMILY = "1,2";
			};
			name = Release;
		};
/* End XCBuildConfiguration section */

/* Begin XCConfigurationList section */
		BCA502FE2B0ABFE40071FA51 /* Build configuration list for PBXProject "MetUCD" */ = {
			isa = XCConfigurationList;
			buildConfigurations = (
				BCA5030F2B0ABFE50071FA51 /* Debug */,
				BCA503102B0ABFE50071FA51 /* Release */,
			);
			defaultConfigurationIsVisible = 0;
			defaultConfigurationName = Release;
		};
		BCA503112B0ABFE50071FA51 /* Build configuration list for PBXNativeTarget "MetUCD" */ = {
			isa = XCConfigurationList;
			buildConfigurations = (
				BCA503122B0ABFE50071FA51 /* Debug */,
				BCA503132B0ABFE50071FA51 /* Release */,
			);
			defaultConfigurationIsVisible = 0;
			defaultConfigurationName = Release;
		};
/* End XCConfigurationList section */
	};
	rootObject = BCA502FB2B0ABFE40071FA51 /* Project object */;
}
